# This is a Gradle generated file for dependency locking.
# Manual edits can break the build and are not advised.
# This file is expected to be part of source control.
# To regenerate this file, run: ./gradlew :native:slb4j-native-test:dependencies --write-locks
commons-logging:commons-logging:1.4.0=compileClasspath,nativeImageClasspath,nativeImageTestClasspathInternal,runtimeClasspath,testCompileClasspath,testRuntimeClasspath
org.apache.logging.log4j:log4j-api:2.26.1=compileClasspath,nativeImageClasspath,nativeImageTestClasspathInternal,runtimeClasspath,testCompileClasspath,testRuntimeClasspath
org.apache.logging.log4j:log4j-bom:2.26.1=compileClasspath,nativeImageClasspath,nativeImageTestClasspathInternal,runtimeClasspath,testCompileClasspath,testRuntimeClasspath
org.graalvm.buildtools:junit-platform-native:1.1.8=nativeImageTestClasspathInternal
org.jspecify:jspecify:1.0.1=nativeImageClasspath,nativeImageTestClasspathInternal,runtimeClasspath,testRuntimeClasspath
org.slf4j:slf4j-api:2.0.18=compileClasspath,nativeImageClasspath,nativeImageTestClasspathInternal,runtimeClasspath,testCompileClasspath,testRuntimeClasspath
empty=annotationProcessor,testAnnotationProcessor
