# This is a Gradle generated file for dependency locking.
# Manual edits can break the build and are not advised.
# This file is expected to be part of source control.
# To regenerate this file, run: ./gradlew :samples:log4j:dependencies --write-locks
biz.aQute.bnd:biz.aQute.bnd.annotation:7.1.0=testCompileClasspath
com.google.errorprone:error_prone_annotations:2.38.0=testCompileClasspath
org.apache.logging.log4j:log4j-api:2.26.1=compileClasspath,runtimeClasspath,testCompileClasspath,testRuntimeClasspath
org.apache.logging.log4j:log4j-bom:2.26.1=compileClasspath,runtimeClasspath,testCompileClasspath,testRuntimeClasspath
org.jspecify:jspecify:1.0.0=testCompileClasspath,testRuntimeClasspath
org.jspecify:jspecify:1.0.1=runtimeClasspath
org.osgi:org.osgi.annotation.bundle:2.0.0=testCompileClasspath
org.osgi:org.osgi.annotation.versioning:1.1.2=testCompileClasspath
org.osgi:org.osgi.resource:1.0.0=testCompileClasspath
org.osgi:org.osgi.service.serviceloader:1.0.0=testCompileClasspath
empty=annotationProcessor,testAnnotationProcessor
