# This is a Gradle generated file for dependency locking.
# Manual edits can break the build and are not advised.
# This file is expected to be part of source control.
# To regenerate this file, run: ./gradlew :slb4j-ext:slb4j-ext-swing:samples:dependencies --write-locks
commons-logging:commons-logging:1.4.0=compileClasspath,runtimeClasspath,testCompileClasspath,testRuntimeClasspath
org.apache.logging.log4j:log4j-api:2.26.1=compileClasspath,runtimeClasspath,testCompileClasspath,testRuntimeClasspath
org.apache.logging.log4j:log4j-bom:2.26.1=compileClasspath,runtimeClasspath,testCompileClasspath,testRuntimeClasspath
org.jspecify:jspecify:1.0.1=runtimeClasspath,testRuntimeClasspath
org.slf4j:slf4j-api:2.0.18=compileClasspath,runtimeClasspath,testCompileClasspath,testRuntimeClasspath
empty=annotationProcessor,testAnnotationProcessor
